dependencies:
- name: librepod
  repository: https://librepod.github.io/charts
  version: 1.1.1
- name: unbound
  repository: https://librepod.github.io/charts
  version: 0.3.0
digest: sha256:064fa7fbca5c727b11b8930af717848c3f83f03f4d93fca014f3b50aadfd490e
generated: "2022-11-04T05:40:02.557416285+03:00"
