dependencies:
- name: librepod
  repository: https://librepod.github.io/charts
  version: 1.2.0
- name: postgres
  repository: https://librepod.github.io/charts
  version: 0.3.0
digest: sha256:2dc309bca3e646ed2377ff10faccfdc306eb10e80af18d6ce6225e83746d2254
generated: "2022-12-30T20:15:44.06611266+03:00"
