dependencies:
- name: librepod
  repository: https://librepod.github.io/charts
  version: 1.2.0
- name: postgres
  repository: https://librepod.github.io/charts
  version: 0.2.0
digest: sha256:2d4aaf6b12d96fd9eff06d1392776d5264f2b9034e235b1e64058ec464c9e60c
generated: "2022-12-30T19:19:24.222637954+03:00"
