dependencies:
- name: librepod
  repository: https://librepod.github.io/charts
  version: 1.2.1
- name: unbound
  repository: https://librepod.github.io/charts
  version: 0.3.0
digest: sha256:2d5a41fae0ea907cc3f65b7c4b2a8bd13f60997d34dfe854d795914d86d25869
generated: "2023-11-11T20:03:26.366198916+03:00"
